
Microsoft Visual Studio Solution File, Format Version 12.00
# Visual Studio Version 17
VisualStudioVersion = 17.14.36414.22 d17.14
MinimumVisualStudioVersion = 10.0.40219.1
Project("{FAE04EC0-301F-11D3-BF4B-00C04F79EFBC}") = "monthlyclaimsformDraft", "monthlyclaimsformDraft\monthlyclaimsformDraft.csproj", "{0A0FFE01-BD70-4791-A792-3C1317FE2E9E}"
EndProject
Global
	GlobalSection(SolutionConfigurationPlatforms) = preSolution
		Debug|Any CPU = Debug|Any CPU
		Release|Any CPU = Release|Any CPU
	EndGlobalSection
	GlobalSection(ProjectConfigurationPlatforms) = postSolution
		{0A0FFE01-BD70-4791-A792-3C1317FE2E9E}.Debug|Any CPU.ActiveCfg = Debug|Any CPU
		{0A0FFE01-BD70-4791-A792-3C1317FE2E9E}.Debug|Any CPU.Build.0 = Debug|Any CPU
		{0A0FFE01-BD70-4791-A792-3C1317FE2E9E}.Release|Any CPU.ActiveCfg = Release|Any CPU
		{0A0FFE01-BD70-4791-A792-3C1317FE2E9E}.Release|Any CPU.Build.0 = Release|Any CPU
	EndGlobalSection
	GlobalSection(SolutionProperties) = preSolution
		HideSolutionNode = FALSE
	EndGlobalSection
	GlobalSection(ExtensibilityGlobals) = postSolution
		SolutionGuid = {AE408520-C6A8-4BDC-842D-5098A167E0C0}
	EndGlobalSection
EndGlobal
