
Microsoft Visual Studio Solution File, Format Version 12.00
# Visual Studio Version 17
VisualStudioVersion = 17.14.36414.22 d17.14
MinimumVisualStudioVersion = 10.0.40219.1
Project("{FAE04EC0-301F-11D3-BF4B-00C04F79EFBC}") = "WebApplication2 draft", "WebApplication2 draft\WebApplication2 draft.csproj", "{DA977EAC-7503-4177-88B5-1DB6BEF1E690}"
EndProject
Global
	GlobalSection(SolutionConfigurationPlatforms) = preSolution
		Debug|Any CPU = Debug|Any CPU
		Release|Any CPU = Release|Any CPU
	EndGlobalSection
	GlobalSection(ProjectConfigurationPlatforms) = postSolution
		{DA977EAC-7503-4177-88B5-1DB6BEF1E690}.Debug|Any CPU.ActiveCfg = Debug|Any CPU
		{DA977EAC-7503-4177-88B5-1DB6BEF1E690}.Debug|Any CPU.Build.0 = Debug|Any CPU
		{DA977EAC-7503-4177-88B5-1DB6BEF1E690}.Release|Any CPU.ActiveCfg = Release|Any CPU
		{DA977EAC-7503-4177-88B5-1DB6BEF1E690}.Release|Any CPU.Build.0 = Release|Any CPU
	EndGlobalSection
	GlobalSection(SolutionProperties) = preSolution
		HideSolutionNode = FALSE
	EndGlobalSection
	GlobalSection(ExtensibilityGlobals) = postSolution
		SolutionGuid = {36A788B7-0F25-4D0F-8DB3-AE4A675C0A4F}
	EndGlobalSection
EndGlobal
